
Microsoft Visual Studio Solution File, Format Version 12.00
# Visual Studio Version 16
VisualStudioVersion = 16.0.30330.147
MinimumVisualStudioVersion = 10.0.40219.1
Project("{FAE04EC0-301F-11D3-BF4B-00C04F79EFBC}") = "CafeProgram", "GoldBadgeChallenges\CafeProgram.csproj", "{21BAD18D-F598-481D-8A9B-52C5193C31C9}"
EndProject
Project("{2150E333-8FDC-42A3-9474-1A3956D46DE8}") = "01-Cafe", "01-Cafe", "{BF39A8F8-B62B-48AE-A064-F3D453FD6C9D}"
EndProject
Project("{FAE04EC0-301F-11D3-BF4B-00C04F79EFBC}") = "CafeRepo", "CafeRepo\CafeRepo.csproj", "{C96A888D-D558-475A-8C73-947521D0B020}"
EndProject
Project("{FAE04EC0-301F-11D3-BF4B-00C04F79EFBC}") = "CafeTests", "CafeTests\CafeTests.csproj", "{269B33DC-E715-4887-96F6-798947B024D1}"
EndProject
Project("{2150E333-8FDC-42A3-9474-1A3956D46DE8}") = "02-Claims", "02-Claims", "{7FBDBB01-1579-49B9-9070-5136FCA48B65}"
EndProject
Project("{2150E333-8FDC-42A3-9474-1A3956D46DE8}") = "05 - Greeting", "05 - Greeting", "{3B81F787-E5F7-4FEA-A5C0-7C6E3C0FB4E4}"
EndProject
Project("{FAE04EC0-301F-11D3-BF4B-00C04F79EFBC}") = "ClaimsProgram", "ClaimsProgram\ClaimsProgram.csproj", "{950CAA49-EAE5-4451-BA5B-A4655764567F}"
EndProject
Project("{FAE04EC0-301F-11D3-BF4B-00C04F79EFBC}") = "ClaimsRepo", "ClaimsRepo\ClaimsRepo.csproj", "{C4066DD3-DC91-4AC6-BE48-935BF5514EBC}"
EndProject
Project("{FAE04EC0-301F-11D3-BF4B-00C04F79EFBC}") = "ClaimsTests", "ClaimsTests\ClaimsTests.csproj", "{937BC24A-82E4-4717-8DD0-85E6879FF80C}"
EndProject
Project("{FAE04EC0-301F-11D3-BF4B-00C04F79EFBC}") = "GreetingProgram", "Badges\GreetingProgram.csproj", "{93478769-9621-42E0-B036-D6FA06CCD920}"
EndProject
Project("{FAE04EC0-301F-11D3-BF4B-00C04F79EFBC}") = "GreetingRepo", "GreetingRepo\GreetingRepo.csproj", "{37C83A77-ED7F-497F-BD41-6927D42F2204}"
EndProject
Project("{FAE04EC0-301F-11D3-BF4B-00C04F79EFBC}") = "GreetingTests", "GreetingTests\GreetingTests.csproj", "{B7105184-D5C7-4353-A5CF-22CD7D0349FC}"
EndProject
Global
	GlobalSection(SolutionConfigurationPlatforms) = preSolution
		Debug|Any CPU = Debug|Any CPU
		Release|Any CPU = Release|Any CPU
	EndGlobalSection
	GlobalSection(ProjectConfigurationPlatforms) = postSolution
		{21BAD18D-F598-481D-8A9B-52C5193C31C9}.Debug|Any CPU.ActiveCfg = Debug|Any CPU
		{21BAD18D-F598-481D-8A9B-52C5193C31C9}.Debug|Any CPU.Build.0 = Debug|Any CPU
		{21BAD18D-F598-481D-8A9B-52C5193C31C9}.Release|Any CPU.ActiveCfg = Release|Any CPU
		{21BAD18D-F598-481D-8A9B-52C5193C31C9}.Release|Any CPU.Build.0 = Release|Any CPU
		{C96A888D-D558-475A-8C73-947521D0B020}.Debug|Any CPU.ActiveCfg = Debug|Any CPU
		{C96A888D-D558-475A-8C73-947521D0B020}.Debug|Any CPU.Build.0 = Debug|Any CPU
		{C96A888D-D558-475A-8C73-947521D0B020}.Release|Any CPU.ActiveCfg = Release|Any CPU
		{C96A888D-D558-475A-8C73-947521D0B020}.Release|Any CPU.Build.0 = Release|Any CPU
		{269B33DC-E715-4887-96F6-798947B024D1}.Debug|Any CPU.ActiveCfg = Debug|Any CPU
		{269B33DC-E715-4887-96F6-798947B024D1}.Debug|Any CPU.Build.0 = Debug|Any CPU
		{269B33DC-E715-4887-96F6-798947B024D1}.Release|Any CPU.ActiveCfg = Release|Any CPU
		{269B33DC-E715-4887-96F6-798947B024D1}.Release|Any CPU.Build.0 = Release|Any CPU
		{950CAA49-EAE5-4451-BA5B-A4655764567F}.Debug|Any CPU.ActiveCfg = Debug|Any CPU
		{950CAA49-EAE5-4451-BA5B-A4655764567F}.Debug|Any CPU.Build.0 = Debug|Any CPU
		{950CAA49-EAE5-4451-BA5B-A4655764567F}.Release|Any CPU.ActiveCfg = Release|Any CPU
		{950CAA49-EAE5-4451-BA5B-A4655764567F}.Release|Any CPU.Build.0 = Release|Any CPU
		{C4066DD3-DC91-4AC6-BE48-935BF5514EBC}.Debug|Any CPU.ActiveCfg = Debug|Any CPU
		{C4066DD3-DC91-4AC6-BE48-935BF5514EBC}.Debug|Any CPU.Build.0 = Debug|Any CPU
		{C4066DD3-DC91-4AC6-BE48-935BF5514EBC}.Release|Any CPU.ActiveCfg = Release|Any CPU
		{C4066DD3-DC91-4AC6-BE48-935BF5514EBC}.Release|Any CPU.Build.0 = Release|Any CPU
		{937BC24A-82E4-4717-8DD0-85E6879FF80C}.Debug|Any CPU.ActiveCfg = Debug|Any CPU
		{937BC24A-82E4-4717-8DD0-85E6879FF80C}.Debug|Any CPU.Build.0 = Debug|Any CPU
		{937BC24A-82E4-4717-8DD0-85E6879FF80C}.Release|Any CPU.ActiveCfg = Release|Any CPU
		{937BC24A-82E4-4717-8DD0-85E6879FF80C}.Release|Any CPU.Build.0 = Release|Any CPU
		{93478769-9621-42E0-B036-D6FA06CCD920}.Debug|Any CPU.ActiveCfg = Debug|Any CPU
		{93478769-9621-42E0-B036-D6FA06CCD920}.Debug|Any CPU.Build.0 = Debug|Any CPU
		{93478769-9621-42E0-B036-D6FA06CCD920}.Release|Any CPU.ActiveCfg = Release|Any CPU
		{93478769-9621-42E0-B036-D6FA06CCD920}.Release|Any CPU.Build.0 = Release|Any CPU
		{37C83A77-ED7F-497F-BD41-6927D42F2204}.Debug|Any CPU.ActiveCfg = Debug|Any CPU
		{37C83A77-ED7F-497F-BD41-6927D42F2204}.Debug|Any CPU.Build.0 = Debug|Any CPU
		{37C83A77-ED7F-497F-BD41-6927D42F2204}.Release|Any CPU.ActiveCfg = Release|Any CPU
		{37C83A77-ED7F-497F-BD41-6927D42F2204}.Release|Any CPU.Build.0 = Release|Any CPU
		{B7105184-D5C7-4353-A5CF-22CD7D0349FC}.Debug|Any CPU.ActiveCfg = Debug|Any CPU
		{B7105184-D5C7-4353-A5CF-22CD7D0349FC}.Debug|Any CPU.Build.0 = Debug|Any CPU
		{B7105184-D5C7-4353-A5CF-22CD7D0349FC}.Release|Any CPU.ActiveCfg = Release|Any CPU
		{B7105184-D5C7-4353-A5CF-22CD7D0349FC}.Release|Any CPU.Build.0 = Release|Any CPU
	EndGlobalSection
	GlobalSection(SolutionProperties) = preSolution
		HideSolutionNode = FALSE
	EndGlobalSection
	GlobalSection(NestedProjects) = preSolution
		{21BAD18D-F598-481D-8A9B-52C5193C31C9} = {BF39A8F8-B62B-48AE-A064-F3D453FD6C9D}
		{C96A888D-D558-475A-8C73-947521D0B020} = {BF39A8F8-B62B-48AE-A064-F3D453FD6C9D}
		{269B33DC-E715-4887-96F6-798947B024D1} = {BF39A8F8-B62B-48AE-A064-F3D453FD6C9D}
		{950CAA49-EAE5-4451-BA5B-A4655764567F} = {7FBDBB01-1579-49B9-9070-5136FCA48B65}
		{C4066DD3-DC91-4AC6-BE48-935BF5514EBC} = {7FBDBB01-1579-49B9-9070-5136FCA48B65}
		{937BC24A-82E4-4717-8DD0-85E6879FF80C} = {7FBDBB01-1579-49B9-9070-5136FCA48B65}
		{93478769-9621-42E0-B036-D6FA06CCD920} = {3B81F787-E5F7-4FEA-A5C0-7C6E3C0FB4E4}
		{37C83A77-ED7F-497F-BD41-6927D42F2204} = {3B81F787-E5F7-4FEA-A5C0-7C6E3C0FB4E4}
		{B7105184-D5C7-4353-A5CF-22CD7D0349FC} = {3B81F787-E5F7-4FEA-A5C0-7C6E3C0FB4E4}
	EndGlobalSection
	GlobalSection(ExtensibilityGlobals) = postSolution
		SolutionGuid = {B10A0529-845C-4D34-8DCB-BAA795BFC116}
	EndGlobalSection
EndGlobal
